
Microsoft Visual Studio Solution File, Format Version 12.00
# Visual Studio Version 17
VisualStudioVersion = 17.10.35004.147
MinimumVisualStudioVersion = 10.0.40219.1
Project("{FAE04EC0-301F-11D3-BF4B-00C04F79EFBC}") = "Inventory Management System", "Inventory Management System\Inventory Management System.csproj", "{EDD96C38-4376-4A61-9972-8E9BF3DD36DC}"
EndProject
Global
	GlobalSection(SolutionConfigurationPlatforms) = preSolution
		Debug|Any CPU = Debug|Any CPU
		Release|Any CPU = Release|Any CPU
	EndGlobalSection
	GlobalSection(ProjectConfigurationPlatforms) = postSolution
		{EDD96C38-4376-4A61-9972-8E9BF3DD36DC}.Debug|Any CPU.ActiveCfg = Debug|Any CPU
		{EDD96C38-4376-4A61-9972-8E9BF3DD36DC}.Debug|Any CPU.Build.0 = Debug|Any CPU
		{EDD96C38-4376-4A61-9972-8E9BF3DD36DC}.Release|Any CPU.ActiveCfg = Release|Any CPU
		{EDD96C38-4376-4A61-9972-8E9BF3DD36DC}.Release|Any CPU.Build.0 = Release|Any CPU
	EndGlobalSection
	GlobalSection(SolutionProperties) = preSolution
		HideSolutionNode = FALSE
	EndGlobalSection
	GlobalSection(ExtensibilityGlobals) = postSolution
		SolutionGuid = {54C42F43-19D5-48E7-8B0A-B466C063435B}
	EndGlobalSection
EndGlobal
